// !$*UTF8*$!
{
	archiveVersion = 1;
	classes = {
	};
	objectVersion = 56;
	objects = {

/* Begin PBXBuildFile section */
		9C518C0529C8CAE5005698F8 /* fb4appApp.swift in Sources */ = {isa = PBXBuildFile; fileRef = 9C518C0429C8CAE5005698F8 /* fb4appApp.swift */; };
		9C518C0729C8CAE5005698F8 /* ContentView.swift in Sources */ = {isa = PBXBuildFile; fileRef = 9C518C0629C8CAE5005698F8 /* ContentView.swift */; };
		9C518C0929C8CAE7005698F8 /* Assets.xcassets in Resources */ = {isa = PBXBuildFile; fileRef = 9C518C0829C8CAE7005698F8 /* Assets.xcassets */; };
		9C518C0C29C8CAE7005698F8 /* Preview Assets.xcassets in Resources */ = {isa = PBXBuildFile; fileRef = 9C518C0B29C8CAE7005698F8 /* Preview Assets.xcassets */; };
		9C518C0E29C8CAE7005698F8 /* Persistence.swift in Sources */ = {isa = PBXBuildFile; fileRef = 9C518C0D29C8CAE7005698F8 /* Persistence.swift */; };
		9C518C1129C8CAE7005698F8 /* fb4app.xcdatamodeld in Sources */ = {isa = PBXBuildFile; fileRef = 9C518C0F29C8CAE7005698F8 /* fb4app.xcdatamodeld */; };
		9C518C1B29C8CAE7005698F8 /* fb4appTests.swift in Sources */ = {isa = PBXBuildFile; fileRef = 9C518C1A29C8CAE7005698F8 /* fb4appTests.swift */; };
		9C518C2529C8CAE7005698F8 /* fb4appUITests.swift in Sources */ = {isa = PBXBuildFile; fileRef = 9C518C2429C8CAE7005698F8 /* fb4appUITests.swift */; };
		9C518C2729C8CAE7005698F8 /* fb4appUITestsLaunchTests.swift in Sources */ = {isa = PBXBuildFile; fileRef = 9C518C2629C8CAE7005698F8 /* fb4appUITestsLaunchTests.swift */; };
/* End PBXBuildFile section */

/* Begin PBXContainerItemProxy section */
		9C518C1729C8CAE7005698F8 /* PBXContainerItemProxy */ = {
			isa = PBXContainerItemProxy;
			containerPortal = 9C518BF929C8CAE5005698F8 /* Project object */;
			proxyType = 1;
			remoteGlobalIDString = 9C518C0029C8CAE5005698F8;
			remoteInfo = fb4app;
		};
		9C518C2129C8CAE7005698F8 /* PBXContainerItemProxy */ = {
			isa = PBXContainerItemProxy;
			containerPortal = 9C518BF929C8CAE5005698F8 /* Project object */;
			proxyType = 1;
			remoteGlobalIDString = 9C518C0029C8CAE5005698F8;
			remoteInfo = fb4app;
		};
/* End PBXContainerItemProxy section */

/* Begin PBXFileReference section */
		9C518C0129C8CAE5005698F8 /* fb4app.app */ = {isa = PBXFileReference; explicitFileType = wrapper.application; includeInIndex = 0; path = fb4app.app; sourceTree = BUILT_PRODUCTS_DIR; };
		9C518C0429C8CAE5005698F8 /* fb4appApp.swift */ = {isa = PBXFileReference; lastKnownFileType = sourcecode.swift; path = fb4appApp.swift; sourceTree = "<group>"; };
		9C518C0629C8CAE5005698F8 /* ContentView.swift */ = {isa = PBXFileReference; lastKnownFileType = sourcecode.swift; path = ContentView.swift; sourceTree = "<group>"; };
		9C518C0829C8CAE7005698F8 /* Assets.xcassets */ = {isa = PBXFileReference; lastKnownFileType = folder.assetcatalog; path = Assets.xcassets; sourceTree = "<group>"; };
		9C518C0B29C8CAE7005698F8 /* Preview Assets.xcassets */ = {isa = PBXFileReference; lastKnownFileType = folder.assetcatalog; path = "Preview Assets.xcassets"; sourceTree = "<group>"; };
		9C518C0D29C8CAE7005698F8 /* Persistence.swift */ = {isa = PBXFileReference; lastKnownFileType = sourcecode.swift; path = Persistence.swift; sourceTree = "<group>"; };
		9C518C1029C8CAE7005698F8 /* fb4app.xcdatamodel */ = {isa = PBXFileReference; lastKnownFileType = wrapper.xcdatamodel; path = fb4app.xcdatamodel; sourceTree = "<group>"; };
		9C518C1629C8CAE7005698F8 /* fb4appTests.xctest */ = {isa = PBXFileReference; explicitFileType = wrapper.cfbundle; includeInIndex = 0; path = fb4appTests.xctest; sourceTree = BUILT_PRODUCTS_DIR; };
		9C518C1A29C8CAE7005698F8 /* fb4appTests.swift */ = {isa = PBXFileReference; lastKnownFileType = sourcecode.swift; path = fb4appTests.swift; sourceTree = "<group>"; };
		9C518C2029C8CAE7005698F8 /* fb4appUITests.xctest */ = {isa = PBXFileReference; explicitFileType = wrapper.cfbundle; includeInIndex = 0; path = fb4appUITests.xctest; sourceTree = BUILT_PRODUCTS_DIR; };
		9C518C2429C8CAE7005698F8 /* fb4appUITests.swift */ = {isa = PBXFileReference; lastKnownFileType = sourcecode.swift; path = fb4appUITests.swift; sourceTree = "<group>"; };
		9C518C2629C8CAE7005698F8 /* fb4appUITestsLaunchTests.swift */ = {isa = PBXFileReference; lastKnownFileType = sourcecode.swift; path = fb4appUITestsLaunchTests.swift; sourceTree = "<group>"; };
/* End PBXFileReference section */

/* Begin PBXFrameworksBuildPhase section */
		9C518BFE29C8CAE5005698F8 /* Frameworks */ = {
			isa = PBXFrameworksBuildPhase;
			buildActionMask = 2147483647;
			files = (
			);
			runOnlyForDeploymentPostprocessing = 0;
		};
		9C518C1329C8CAE7005698F8 /* Frameworks */ = {
			isa = PBXFrameworksBuildPhase;
			buildActionMask = 2147483647;
			files = (
			);
			runOnlyForDeploymentPostprocessing = 0;
		};
		9C518C1D29C8CAE7005698F8 /* Frameworks */ = {
			isa = PBXFrameworksBuildPhase;
			buildActionMask = 2147483647;
			files = (
			);
			runOnlyForDeploymentPostprocessing = 0;
		};
/* End PBXFrameworksBuildPhase section */

/* Begin PBXGroup section */
		9C518BF829C8CAE5005698F8 = {
			isa = PBXGroup;
			children = (
				9C518C0329C8CAE5005698F8 /* fb4app */,
				9C518C1929C8CAE7005698F8 /* fb4appTests */,
				9C518C2329C8CAE7005698F8 /* fb4appUITests */,
				9C518C0229C8CAE5005698F8 /* Products */,
			);
			sourceTree = "<group>";
		};
		9C518C0229C8CAE5005698F8 /* Products */ = {
			isa = PBXGroup;
			children = (
				9C518C0129C8CAE5005698F8 /* fb4app.app */,
				9C518C1629C8CAE7005698F8 /* fb4appTests.xctest */,
				9C518C2029C8CAE7005698F8 /* fb4appUITests.xctest */,
			);
			name = Products;
			sourceTree = "<group>";
		};
		9C518C0329C8CAE5005698F8 /* fb4app */ = {
			isa = PBXGroup;
			children = (
				9C518C0429C8CAE5005698F8 /* fb4appApp.swift */,
				9C518C0629C8CAE5005698F8 /* ContentView.swift */,
				9C518C0829C8CAE7005698F8 /* Assets.xcassets */,
				9C518C0D29C8CAE7005698F8 /* Persistence.swift */,
				9C518C0F29C8CAE7005698F8 /* fb4app.xcdatamodeld */,
				9C518C0A29C8CAE7005698F8 /* Preview Content */,
			);
			path = fb4app;
			sourceTree = "<group>";
		};
		9C518C0A29C8CAE7005698F8 /* Preview Content */ = {
			isa = PBXGroup;
			children = (
				9C518C0B29C8CAE7005698F8 /* Preview Assets.xcassets */,
			);
			path = "Preview Content";
			sourceTree = "<group>";
		};
		9C518C1929C8CAE7005698F8 /* fb4appTests */ = {
			isa = PBXGroup;
			children = (
				9C518C1A29C8CAE7005698F8 /* fb4appTests.swift */,
			);
			path = fb4appTests;
			sourceTree = "<group>";
		};
		9C518C2329C8CAE7005698F8 /* fb4appUITests */ = {
			isa = PBXGroup;
			children = (
				9C518C2429C8CAE7005698F8 /* fb4appUITests.swift */,
				9C518C2629C8CAE7005698F8 /* fb4appUITestsLaunchTests.swift */,
			);
			path = fb4appUITests;
			sourceTree = "<group>";
		};
/* End PBXGroup section */

/* Begin PBXNativeTarget section */
		9C518C0029C8CAE5005698F8 /* fb4app */ = {
			isa = PBXNativeTarget;
			buildConfigurationList = 9C518C2A29C8CAE7005698F8 /* Build configuration list for PBXNativeTarget "fb4app" */;
			buildPhases = (
				9C518BFD29C8CAE5005698F8 /* Sources */,
				9C518BFE29C8CAE5005698F8 /* Frameworks */,
				9C518BFF29C8CAE5005698F8 /* Resources */,
			);
			buildRules = (
			);
			dependencies = (
			);
			name = fb4app;
			productName = fb4app;
			productReference = 9C518C0129C8CAE5005698F8 /* fb4app.app */;
			productType = "com.apple.product-type.application";
		};
		9C518C1529C8CAE7005698F8 /* fb4appTests */ = {
			isa = PBXNativeTarget;
			buildConfigurationList = 9C518C2D29C8CAE7005698F8 /* Build configuration list for PBXNativeTarget "fb4appTests" */;
			buildPhases = (
				9C518C1229C8CAE7005698F8 /* Sources */,
				9C518C1329C8CAE7005698F8 /* Frameworks */,
				9C518C1429C8CAE7005698F8 /* Resources */,
			);
			buildRules = (
			);
			dependencies = (
				9C518C1829C8CAE7005698F8 /* PBXTargetDependency */,
			);
			name = fb4appTests;
			productName = fb4appTests;
			productReference = 9C518C1629C8CAE7005698F8 /* fb4appTests.xctest */;
			productType = "com.apple.product-type.bundle.unit-test";
		};
		9C518C1F29C8CAE7005698F8 /* fb4appUITests */ = {
			isa = PBXNativeTarget;
			buildConfigurationList = 9C518C3029C8CAE7005698F8 /* Build configuration list for PBXNativeTarget "fb4appUITests" */;
			buildPhases = (
				9C518C1C29C8CAE7005698F8 /* Sources */,
				9C518C1D29C8CAE7005698F8 /* Frameworks */,
				9C518C1E29C8CAE7005698F8 /* Resources */,
			);
			buildRules = (
			);
			dependencies = (
				9C518C2229C8CAE7005698F8 /* PBXTargetDependency */,
			);
			name = fb4appUITests;
			productName = fb4appUITests;
			productReference = 9C518C2029C8CAE7005698F8 /* fb4appUITests.xctest */;
			productType = "com.apple.product-type.bundle.ui-testing";
		};
/* End PBXNativeTarget section */

/* Begin PBXProject section */
		9C518BF929C8CAE5005698F8 /* Project object */ = {
			isa = PBXProject;
			attributes = {
				BuildIndependentTargetsInParallel = 1;
				LastSwiftUpdateCheck = 1420;
				LastUpgradeCheck = 1420;
				TargetAttributes = {
					9C518C0029C8CAE5005698F8 = {
						CreatedOnToolsVersion = 14.2;
					};
					9C518C1529C8CAE7005698F8 = {
						CreatedOnToolsVersion = 14.2;
						TestTargetID = 9C518C0029C8CAE5005698F8;
					};
					9C518C1F29C8CAE7005698F8 = {
						CreatedOnToolsVersion = 14.2;
						TestTargetID = 9C518C0029C8CAE5005698F8;
					};
				};
			};
			buildConfigurationList = 9C518BFC29C8CAE5005698F8 /* Build configuration list for PBXProject "fb4app" */;
			compatibilityVersion = "Xcode 14.0";
			developmentRegion = en;
			hasScannedForEncodings = 0;
			knownRegions = (
				en,
				Base,
			);
			mainGroup = 9C518BF829C8CAE5005698F8;
			productRefGroup = 9C518C0229C8CAE5005698F8 /* Products */;
			projectDirPath = "";
			projectRoot = "";
			targets = (
				9C518C0029C8CAE5005698F8 /* fb4app */,
				9C518C1529C8CAE7005698F8 /* fb4appTests */,
				9C518C1F29C8CAE7005698F8 /* fb4appUITests */,
			);
		};
/* End PBXProject section */

/* Begin PBXResourcesBuildPhase section */
		9C518BFF29C8CAE5005698F8 /* Resources */ = {
			isa = PBXResourcesBuildPhase;
			buildActionMask = 2147483647;
			files = (
				9C518C0C29C8CAE7005698F8 /* Preview Assets.xcassets in Resources */,
				9C518C0929C8CAE7005698F8 /* Assets.xcassets in Resources */,
			);
			runOnlyForDeploymentPostprocessing = 0;
		};
		9C518C1429C8CAE7005698F8 /* Resources */ = {
			isa = PBXResourcesBuildPhase;
			buildActionMask = 2147483647;
			files = (
			);
			runOnlyForDeploymentPostprocessing = 0;
		};
		9C518C1E29C8CAE7005698F8 /* Resources */ = {
			isa = PBXResourcesBuildPhase;
			buildActionMask = 2147483647;
			files = (
			);
			runOnlyForDeploymentPostprocessing = 0;
		};
/* End PBXResourcesBuildPhase section */

/* Begin PBXSourcesBuildPhase section */
		9C518BFD29C8CAE5005698F8 /* Sources */ = {
			isa = PBXSourcesBuildPhase;
			buildActionMask = 2147483647;
			files = (
				9C518C1129C8CAE7005698F8 /* fb4app.xcdatamodeld in Sources */,
				9C518C0E29C8CAE7005698F8 /* Persistence.swift in Sources */,
				9C518C0729C8CAE5005698F8 /* ContentView.swift in Sources */,
				9C518C0529C8CAE5005698F8 /* fb4appApp.swift in Sources */,
			);
			runOnlyForDeploymentPostprocessing = 0;
		};
		9C518C1229C8CAE7005698F8 /* Sources */ = {
			isa = PBXSourcesBuildPhase;
			buildActionMask = 2147483647;
			files = (
				9C518C1B29C8CAE7005698F8 /* fb4appTests.swift in Sources */,
			);
			runOnlyForDeploymentPostprocessing = 0;
		};
		9C518C1C29C8CAE7005698F8 /* Sources */ = {
			isa = PBXSourcesBuildPhase;
			buildActionMask = 2147483647;
			files = (
				9C518C2529C8CAE7005698F8 /* fb4appUITests.swift in Sources */,
				9C518C2729C8CAE7005698F8 /* fb4appUITestsLaunchTests.swift in Sources */,
			);
			runOnlyForDeploymentPostprocessing = 0;
		};
/* End PBXSourcesBuildPhase section */

/* Begin PBXTargetDependency section */
		9C518C1829C8CAE7005698F8 /* PBXTargetDependency */ = {
			isa = PBXTargetDependency;
			target = 9C518C0029C8CAE5005698F8 /* fb4app */;
			targetProxy = 9C518C1729C8CAE7005698F8 /* PBXContainerItemProxy */;
		};
		9C518C2229C8CAE7005698F8 /* PBXTargetDependency */ = {
			isa = PBXTargetDependency;
			target = 9C518C0029C8CAE5005698F8 /* fb4app */;
			targetProxy = 9C518C2129C8CAE7005698F8 /* PBXContainerItemProxy */;
		};
/* End PBXTargetDependency section */

/* Begin XCBuildConfiguration section */
		9C518C2829C8CAE7005698F8 /* Debug */ = {
			isa = XCBuildConfiguration;
			buildSettings = {
				ALWAYS_SEARCH_USER_PATHS = NO;
				CLANG_ANALYZER_NONNULL = YES;
				CLANG_ANALYZER_NUMBER_OBJECT_CONVERSION = YES_AGGRESSIVE;
				CLANG_CXX_LANGUAGE_STANDARD = "gnu++20";
				CLANG_ENABLE_MODULES = YES;
				CLANG_ENABLE_OBJC_ARC = YES;
				CLANG_ENABLE_OBJC_WEAK = YES;
				CLANG_WARN_BLOCK_CAPTURE_AUTORELEASING = YES;
				CLANG_WARN_BOOL_CONVERSION = YES;
				CLANG_WARN_COMMA = YES;
				CLANG_WARN_CONSTANT_CONVERSION = YES;
				CLANG_WARN_DEPRECATED_OBJC_IMPLEMENTATIONS = YES;
				CLANG_WARN_DIRECT_OBJC_ISA_USAGE = YES_ERROR;
				CLANG_WARN_DOCUMENTATION_COMMENTS = YES;
				CLANG_WARN_EMPTY_BODY = YES;
				CLANG_WARN_ENUM_CONVERSION = YES;
				CLANG_WARN_INFINITE_RECURSION = YES;
				CLANG_WARN_INT_CONVERSION = YES;
				CLANG_WARN_NON_LITERAL_NULL_CONVERSION = YES;
				CLANG_WARN_OBJC_IMPLICIT_RETAIN_SELF = YES;
				CLANG_WARN_OBJC_LITERAL_CONVERSION = YES;
				CLANG_WARN_OBJC_ROOT_CLASS = YES_ERROR;
				CLANG_WARN_QUOTED_INCLUDE_IN_FRAMEWORK_HEADER = YES;
				CLANG_WARN_RANGE_LOOP_ANALYSIS = YES;
				CLANG_WARN_STRICT_PROTOTYPES = YES;
				CLANG_WARN_SUSPICIOUS_MOVE = YES;
				CLANG_WARN_UNGUARDED_AVAILABILITY = YES_AGGRESSIVE;
				CLANG_WARN_UNREACHABLE_CODE = YES;
				CLANG_WARN__DUPLICATE_METHOD_MATCH = YES;
				COPY_PHASE_STRIP = NO;
				DEBUG_INFORMATION_FORMAT = dwarf;
				ENABLE_STRICT_OBJC_MSGSEND = YES;
				ENABLE_TESTABILITY = YES;
				GCC_C_LANGUAGE_STANDARD = gnu11;
				GCC_DYNAMIC_NO_PIC = NO;
				GCC_NO_COMMON_BLOCKS = YES;
				GCC_OPTIMIZATION_LEVEL = 0;
				GCC_PREPROCESSOR_DEFINITIONS = (
					"DEBUG=1",
					"$(inherited)",
				);
				GCC_WARN_64_TO_32_BIT_CONVERSION = YES;
				GCC_WARN_ABOUT_RETURN_TYPE = YES_ERROR;
				GCC_WARN_UNDECLARED_SELECTOR = YES;
				GCC_WARN_UNINITIALIZED_AUTOS = YES_AGGRESSIVE;
				GCC_WARN_UNUSED_FUNCTION = YES;
				GCC_WARN_UNUSED_VARIABLE = YES;
				IPHONEOS_DEPLOYMENT_TARGET = 16.2;
				MTL_ENABLE_DEBUG_INFO = INCLUDE_SOURCE;
				MTL_FAST_MATH = YES;
				ONLY_ACTIVE_ARCH = YES;
				SDKROOT = iphoneos;
				SWIFT_ACTIVE_COMPILATION_CONDITIONS = DEBUG;
				SWIFT_OPTIMIZATION_LEVEL = "-Onone";
			};
			name = Debug;
		};
		9C518C2929C8CAE7005698F8 /* Release */ = {
			isa = XCBuildConfiguration;
			buildSettings = {
				ALWAYS_SEARCH_USER_PATHS = NO;
				CLANG_ANALYZER_NONNULL = YES;
				CLANG_ANALYZER_NUMBER_OBJECT_CONVERSION = YES_AGGRESSIVE;
				CLANG_CXX_LANGUAGE_STANDARD = "gnu++20";
				CLANG_ENABLE_MODULES = YES;
				CLANG_ENABLE_OBJC_ARC = YES;
				CLANG_ENABLE_OBJC_WEAK = YES;
				CLANG_WARN_BLOCK_CAPTURE_AUTORELEASING = YES;
				CLANG_WARN_BOOL_CONVERSION = YES;
				CLANG_WARN_COMMA = YES;
				CLANG_WARN_CONSTANT_CONVERSION = YES;
				CLANG_WARN_DEPRECATED_OBJC_IMPLEMENTATIONS = YES;
				CLANG_WARN_DIRECT_OBJC_ISA_USAGE = YES_ERROR;
				CLANG_WARN_DOCUMENTATION_COMMENTS = YES;
				CLANG_WARN_EMPTY_BODY = YES;
				CLANG_WARN_ENUM_CONVERSION = YES;
				CLANG_WARN_INFINITE_RECURSION = YES;
				CLANG_WARN_INT_CONVERSION = YES;
				CLANG_WARN_NON_LITERAL_NULL_CONVERSION = YES;
				CLANG_WARN_OBJC_IMPLICIT_RETAIN_SELF = YES;
				CLANG_WARN_OBJC_LITERAL_CONVERSION = YES;
				CLANG_WARN_OBJC_ROOT_CLASS = YES_ERROR;
				CLANG_WARN_QUOTED_INCLUDE_IN_FRAMEWORK_HEADER = YES;
				CLANG_WARN_RANGE_LOOP_ANALYSIS = YES;
				CLANG_WARN_STRICT_PROTOTYPES = YES;
				CLANG_WARN_SUSPICIOUS_MOVE = YES;
				CLANG_WARN_UNGUARDED_AVAILABILITY = YES_AGGRESSIVE;
				CLANG_WARN_UNREACHABLE_CODE = YES;
				CLANG_WARN__DUPLICATE_METHOD_MATCH = YES;
				COPY_PHASE_STRIP = NO;
				DEBUG_INFORMATION_FORMAT = "dwarf-with-dsym";
				ENABLE_NS_ASSERTIONS = NO;
				ENABLE_STRICT_OBJC_MSGSEND = YES;
				GCC_C_LANGUAGE_STANDARD = gnu11;
				GCC_NO_COMMON_BLOCKS = YES;
				GCC_WARN_64_TO_32_BIT_CONVERSION = YES;
				GCC_WARN_ABOUT_RETURN_TYPE = YES_ERROR;
				GCC_WARN_UNDECLARED_SELECTOR = YES;
				GCC_WARN_UNINITIALIZED_AUTOS = YES_AGGRESSIVE;
				GCC_WARN_UNUSED_FUNCTION = YES;
				GCC_WARN_UNUSED_VARIABLE = YES;
				IPHONEOS_DEPLOYMENT_TARGET = 16.2;
				MTL_ENABLE_DEBUG_INFO = NO;
				MTL_FAST_MATH = YES;
				SDKROOT = iphoneos;
				SWIFT_COMPILATION_MODE = wholemodule;
				SWIFT_OPTIMIZATION_LEVEL = "-O";
				VALIDATE_PRODUCT = YES;
			};
			name = Release;
		};
		9C518C2B29C8CAE7005698F8 /* Debug */ = {
			isa = XCBuildConfiguration;
			buildSettings = {
				ASSETCATALOG_COMPILER_APPICON_NAME = AppIcon;
				ASSETCATALOG_COMPILER_GLOBAL_ACCENT_COLOR_NAME = AccentColor;
				CODE_SIGN_STYLE = Automatic;
				CURRENT_PROJECT_VERSION = 1;
				DEVELOPMENT_ASSET_PATHS = "\"fb4app/Preview Content\"";
				DEVELOPMENT_TEAM = 72GC79D8HA;
				ENABLE_PREVIEWS = YES;
				GENERATE_INFOPLIST_FILE = YES;
				INFOPLIST_KEY_UIApplicationSceneManifest_Generation = YES;
				INFOPLIST_KEY_UIApplicationSupportsIndirectInputEvents = YES;
				INFOPLIST_KEY_UILaunchScreen_Generation = YES;
				INFOPLIST_KEY_UISupportedInterfaceOrientations_iPad = "UIInterfaceOrientationPortrait UIInterfaceOrientationPortraitUpsideDown UIInterfaceOrientationLandscapeLeft UIInterfaceOrientationLandscapeRight";
				INFOPLIST_KEY_UISupportedInterfaceOrientations_iPhone = "UIInterfaceOrientationPortrait UIInterfaceOrientationLandscapeLeft UIInterfaceOrientationLandscapeRight";
				LD_RUNPATH_SEARCH_PATHS = (
					"$(inherited)",
					"@executable_path/Frameworks",
				);
				MARKETING_VERSION = 1.0;
				PRODUCT_BUNDLE_IDENTIFIER = de.hemacode.fb4app;
				PRODUCT_NAME = "$(TARGET_NAME)";
				SWIFT_EMIT_LOC_STRINGS = YES;
				SWIFT_VERSION = 5.0;
				TARGETED_DEVICE_FAMILY = "1,2";
			};
			name = Debug;
		};
		9C518C2C29C8CAE7005698F8 /* Release */ = {
			isa = XCBuildConfiguration;
			buildSettings = {
				ASSETCATALOG_COMPILER_APPICON_NAME = AppIcon;
				ASSETCATALOG_COMPILER_GLOBAL_ACCENT_COLOR_NAME = AccentColor;
				CODE_SIGN_STYLE = Automatic;
				CURRENT_PROJECT_VERSION = 1;
				DEVELOPMENT_ASSET_PATHS = "\"fb4app/Preview Content\"";
				DEVELOPMENT_TEAM = 72GC79D8HA;
				ENABLE_PREVIEWS = YES;
				GENERATE_INFOPLIST_FILE = YES;
				INFOPLIST_KEY_UIApplicationSceneManifest_Generation = YES;
				INFOPLIST_KEY_UIApplicationSupportsIndirectInputEvents = YES;
				INFOPLIST_KEY_UILaunchScreen_Generation = YES;
				INFOPLIST_KEY_UISupportedInterfaceOrientations_iPad = "UIInterfaceOrientationPortrait UIInterfaceOrientationPortraitUpsideDown UIInterfaceOrientationLandscapeLeft UIInterfaceOrientationLandscapeRight";
				INFOPLIST_KEY_UISupportedInterfaceOrientations_iPhone = "UIInterfaceOrientationPortrait UIInterfaceOrientationLandscapeLeft UIInterfaceOrientationLandscapeRight";
				LD_RUNPATH_SEARCH_PATHS = (
					"$(inherited)",
					"@executable_path/Frameworks",
				);
				MARKETING_VERSION = 1.0;
				PRODUCT_BUNDLE_IDENTIFIER = de.hemacode.fb4app;
				PRODUCT_NAME = "$(TARGET_NAME)";
				SWIFT_EMIT_LOC_STRINGS = YES;
				SWIFT_VERSION = 5.0;
				TARGETED_DEVICE_FAMILY = "1,2";
			};
			name = Release;
		};
		9C518C2E29C8CAE7005698F8 /* Debug */ = {
			isa = XCBuildConfiguration;
			buildSettings = {
				ALWAYS_EMBED_SWIFT_STANDARD_LIBRARIES = YES;
				BUNDLE_LOADER = "$(TEST_HOST)";
				CODE_SIGN_STYLE = Automatic;
				CURRENT_PROJECT_VERSION = 1;
				DEVELOPMENT_TEAM = 72GC79D8HA;
				GENERATE_INFOPLIST_FILE = YES;
				IPHONEOS_DEPLOYMENT_TARGET = 16.2;
				MARKETING_VERSION = 1.0;
				PRODUCT_BUNDLE_IDENTIFIER = de.hemacode.fb4appTests;
				PRODUCT_NAME = "$(TARGET_NAME)";
				SWIFT_EMIT_LOC_STRINGS = NO;
				SWIFT_VERSION = 5.0;
				TARGETED_DEVICE_FAMILY = "1,2";
				TEST_HOST = "$(BUILT_PRODUCTS_DIR)/fb4app.app/$(BUNDLE_EXECUTABLE_FOLDER_PATH)/fb4app";
			};
			name = Debug;
		};
		9C518C2F29C8CAE7005698F8 /* Release */ = {
			isa = XCBuildConfiguration;
			buildSettings = {
				ALWAYS_EMBED_SWIFT_STANDARD_LIBRARIES = YES;
				BUNDLE_LOADER = "$(TEST_HOST)";
				CODE_SIGN_STYLE = Automatic;
				CURRENT_PROJECT_VERSION = 1;
				DEVELOPMENT_TEAM = 72GC79D8HA;
				GENERATE_INFOPLIST_FILE = YES;
				IPHONEOS_DEPLOYMENT_TARGET = 16.2;
				MARKETING_VERSION = 1.0;
				PRODUCT_BUNDLE_IDENTIFIER = de.hemacode.fb4appTests;
				PRODUCT_NAME = "$(TARGET_NAME)";
				SWIFT_EMIT_LOC_STRINGS = NO;
				SWIFT_VERSION = 5.0;
				TARGETED_DEVICE_FAMILY = "1,2";
				TEST_HOST = "$(BUILT_PRODUCTS_DIR)/fb4app.app/$(BUNDLE_EXECUTABLE_FOLDER_PATH)/fb4app";
			};
			name = Release;
		};
		9C518C3129C8CAE7005698F8 /* Debug */ = {
			isa = XCBuildConfiguration;
			buildSettings = {
				ALWAYS_EMBED_SWIFT_STANDARD_LIBRARIES = YES;
				CODE_SIGN_STYLE = Automatic;
				CURRENT_PROJECT_VERSION = 1;
				DEVELOPMENT_TEAM = 72GC79D8HA;
				GENERATE_INFOPLIST_FILE = YES;
				MARKETING_VERSION = 1.0;
				PRODUCT_BUNDLE_IDENTIFIER = de.hemacode.fb4appUITests;
				PRODUCT_NAME = "$(TARGET_NAME)";
				SWIFT_EMIT_LOC_STRINGS = NO;
				SWIFT_VERSION = 5.0;
				TARGETED_DEVICE_FAMILY = "1,2";
				TEST_TARGET_NAME = fb4app;
			};
			name = Debug;
		};
		9C518C3229C8CAE7005698F8 /* Release */ = {
			isa = XCBuildConfiguration;
			buildSettings = {
				ALWAYS_EMBED_SWIFT_STANDARD_LIBRARIES = YES;
				CODE_SIGN_STYLE = Automatic;
				CURRENT_PROJECT_VERSION = 1;
				DEVELOPMENT_TEAM = 72GC79D8HA;
				GENERATE_INFOPLIST_FILE = YES;
				MARKETING_VERSION = 1.0;
				PRODUCT_BUNDLE_IDENTIFIER = de.hemacode.fb4appUITests;
				PRODUCT_NAME = "$(TARGET_NAME)";
				SWIFT_EMIT_LOC_STRINGS = NO;
				SWIFT_VERSION = 5.0;
				TARGETED_DEVICE_FAMILY = "1,2";
				TEST_TARGET_NAME = fb4app;
			};
			name = Release;
		};
/* End XCBuildConfiguration section */

/* Begin XCConfigurationList section */
		9C518BFC29C8CAE5005698F8 /* Build configuration list for PBXProject "fb4app" */ = {
			isa = XCConfigurationList;
			buildConfigurations = (
				9C518C2829C8CAE7005698F8 /* Debug */,
				9C518C2929C8CAE7005698F8 /* Release */,
			);
			defaultConfigurationIsVisible = 0;
			defaultConfigurationName = Release;
		};
		9C518C2A29C8CAE7005698F8 /* Build configuration list for PBXNativeTarget "fb4app" */ = {
			isa = XCConfigurationList;
			buildConfigurations = (
				9C518C2B29C8CAE7005698F8 /* Debug */,
				9C518C2C29C8CAE7005698F8 /* Release */,
			);
			defaultConfigurationIsVisible = 0;
			defaultConfigurationName = Release;
		};
		9C518C2D29C8CAE7005698F8 /* Build configuration list for PBXNativeTarget "fb4appTests" */ = {
			isa = XCConfigurationList;
			buildConfigurations = (
				9C518C2E29C8CAE7005698F8 /* Debug */,
				9C518C2F29C8CAE7005698F8 /* Release */,
			);
			defaultConfigurationIsVisible = 0;
			defaultConfigurationName = Release;
		};
		9C518C3029C8CAE7005698F8 /* Build configuration list for PBXNativeTarget "fb4appUITests" */ = {
			isa = XCConfigurationList;
			buildConfigurations = (
				9C518C3129C8CAE7005698F8 /* Debug */,
				9C518C3229C8CAE7005698F8 /* Release */,
			);
			defaultConfigurationIsVisible = 0;
			defaultConfigurationName = Release;
		};
/* End XCConfigurationList section */

/* Begin XCVersionGroup section */
		9C518C0F29C8CAE7005698F8 /* fb4app.xcdatamodeld */ = {
			isa = XCVersionGroup;
			children = (
				9C518C1029C8CAE7005698F8 /* fb4app.xcdatamodel */,
			);
			currentVersion = 9C518C1029C8CAE7005698F8 /* fb4app.xcdatamodel */;
			path = fb4app.xcdatamodeld;
			sourceTree = "<group>";
			versionGroupType = wrapper.xcdatamodel;
		};
/* End XCVersionGroup section */
	};
	rootObject = 9C518BF929C8CAE5005698F8 /* Project object */;
}
